
Microsoft Visual Studio Solution File, Format Version 12.00
# Visual Studio 15
VisualStudioVersion = 15.0.27703.2035
MinimumVisualStudioVersion = 10.0.40219.1
Project("{FAE04EC0-301F-11D3-BF4B-00C04F79EFBC}") = "helloword", "helloword\helloword.csproj", "{CC67A9DE-2089-4BCE-A302-B51DA7510894}"
EndProject
Project("{FAE04EC0-301F-11D3-BF4B-00C04F79EFBC}") = "demo2", "demo2\demo2.csproj", "{503D411E-82CC-42D1-9E9A-B359BC41530A}"
EndProject
Global
	GlobalSection(SolutionConfigurationPlatforms) = preSolution
		Debug|Any CPU = Debug|Any CPU
		Release|Any CPU = Release|Any CPU
	EndGlobalSection
	GlobalSection(ProjectConfigurationPlatforms) = postSolution
		{CC67A9DE-2089-4BCE-A302-B51DA7510894}.Debug|Any CPU.ActiveCfg = Debug|Any CPU
		{CC67A9DE-2089-4BCE-A302-B51DA7510894}.Debug|Any CPU.Build.0 = Debug|Any CPU
		{CC67A9DE-2089-4BCE-A302-B51DA7510894}.Release|Any CPU.ActiveCfg = Release|Any CPU
		{CC67A9DE-2089-4BCE-A302-B51DA7510894}.Release|Any CPU.Build.0 = Release|Any CPU
		{503D411E-82CC-42D1-9E9A-B359BC41530A}.Debug|Any CPU.ActiveCfg = Debug|Any CPU
		{503D411E-82CC-42D1-9E9A-B359BC41530A}.Debug|Any CPU.Build.0 = Debug|Any CPU
		{503D411E-82CC-42D1-9E9A-B359BC41530A}.Release|Any CPU.ActiveCfg = Release|Any CPU
		{503D411E-82CC-42D1-9E9A-B359BC41530A}.Release|Any CPU.Build.0 = Release|Any CPU
	EndGlobalSection
	GlobalSection(SolutionProperties) = preSolution
		HideSolutionNode = FALSE
	EndGlobalSection
	GlobalSection(ExtensibilityGlobals) = postSolution
		SolutionGuid = {9C72CA6D-B32D-4CCD-A063-73D8188BDC98}
	EndGlobalSection
EndGlobal
